Microsoft Visual Studio Solution File, Format Version 11.00
# Visual Studio 2010
Project("{8BC9CEB8-8B4A-11D0-8D11-00A0C91BC942}") = "offline_renderingFBO", "offline_renderingFBO.vcxproj", "{AE2516DD-D604-49BF-BA58-D452F1AF4D29}"
EndProject
Project("{8BC9CEB8-8B4A-11D0-8D11-00A0C91BC942}") = "meshL", "..\..\megapoly\megapoly\VC\meshL\meshL.vcxproj", "{05D224A7-B88E-4E79-80BC-1F79EB20CC58}"
EndProject
Project("{8BC9CEB8-8B4A-11D0-8D11-00A0C91BC942}") = "meshA", "..\..\megapoly\megapoly\VC\meshA\meshA.vcxproj", "{65F7E1C8-B7B4-4F08-8BE5-0532B15E756F}"
EndProject
Project("{8BC9CEB8-8B4A-11D0-8D11-00A0C91BC942}") = "lio", "..\..\megapoly\megapoly\VC\lio\lio.vcxproj", "{E4E7A181-F772-4FFB-98BD-11AC0693AF04}"
EndProject
Project("{8BC9CEB8-8B4A-11D0-8D11-00A0C91BC942}") = "render", "..\..\megapoly\megapoly\VC\render\render.vcxproj", "{6543E4DC-0552-4F61-9420-A8268AFF8A9A}"
EndProject
Global
	GlobalSection(SolutionConfigurationPlatforms) = preSolution
		Debug|Win32 = Debug|Win32
		Release|Win32 = Release|Win32
	EndGlobalSection
	GlobalSection(ProjectConfigurationPlatforms) = postSolution
		{AE2516DD-D604-49BF-BA58-D452F1AF4D29}.Debug|Win32.ActiveCfg = Debug|Win32
		{AE2516DD-D604-49BF-BA58-D452F1AF4D29}.Debug|Win32.Build.0 = Debug|Win32
		{AE2516DD-D604-49BF-BA58-D452F1AF4D29}.Release|Win32.ActiveCfg = Release|Win32
		{AE2516DD-D604-49BF-BA58-D452F1AF4D29}.Release|Win32.Build.0 = Release|Win32
		{05D224A7-B88E-4E79-80BC-1F79EB20CC58}.Debug|Win32.ActiveCfg = Debug|Win32
		{05D224A7-B88E-4E79-80BC-1F79EB20CC58}.Debug|Win32.Build.0 = Debug|Win32
		{05D224A7-B88E-4E79-80BC-1F79EB20CC58}.Release|Win32.ActiveCfg = Release|Win32
		{05D224A7-B88E-4E79-80BC-1F79EB20CC58}.Release|Win32.Build.0 = Release|Win32
		{65F7E1C8-B7B4-4F08-8BE5-0532B15E756F}.Debug|Win32.ActiveCfg = Debug|Win32
		{65F7E1C8-B7B4-4F08-8BE5-0532B15E756F}.Debug|Win32.Build.0 = Debug|Win32
		{65F7E1C8-B7B4-4F08-8BE5-0532B15E756F}.Release|Win32.ActiveCfg = Release|Win32
		{65F7E1C8-B7B4-4F08-8BE5-0532B15E756F}.Release|Win32.Build.0 = Release|Win32
		{E4E7A181-F772-4FFB-98BD-11AC0693AF04}.Debug|Win32.ActiveCfg = Debug|Win32
		{E4E7A181-F772-4FFB-98BD-11AC0693AF04}.Debug|Win32.Build.0 = Debug|Win32
		{E4E7A181-F772-4FFB-98BD-11AC0693AF04}.Release|Win32.ActiveCfg = Release|Win32
		{E4E7A181-F772-4FFB-98BD-11AC0693AF04}.Release|Win32.Build.0 = Release|Win32
		{6543E4DC-0552-4F61-9420-A8268AFF8A9A}.Debug|Win32.ActiveCfg = Debug|Win32
		{6543E4DC-0552-4F61-9420-A8268AFF8A9A}.Debug|Win32.Build.0 = Debug|Win32
		{6543E4DC-0552-4F61-9420-A8268AFF8A9A}.Release|Win32.ActiveCfg = Release|Win32
		{6543E4DC-0552-4F61-9420-A8268AFF8A9A}.Release|Win32.Build.0 = Release|Win32
	EndGlobalSection
	GlobalSection(SolutionProperties) = preSolution
		HideSolutionNode = FALSE
	EndGlobalSection
EndGlobal
